PODS:
  - Alamofire (5.6.4)
  - HorizonCalendar (1.16.0)
  - IQKeyboardManagerSwift (6.5.11)
  - Kingfisher (7.3.2)
  - Moya (15.0.0):
    - Moya/Core (= 15.0.0)
  - Moya/Core (15.0.0):
    - Alamofire (~> 5.0)
  - Realm (10.38.0):
    - Realm/Headers (= 10.38.0)
  - Realm/Headers (10.38.0)
  - RealmSwift (10.38.0):
    - Realm (= 10.38.0)
  - SnapKit (5.0.1)
  - TagListView (1.4.1)

DEPENDENCIES:
  - HorizonCalendar
  - IQKeyboardManagerSwift
  - Kingfisher
  - Moya (~> 15.0)
  - RealmSwift (~> 10)
  - SnapKit (~> 5.0.0)
  - TagListView (~> 1.0)

SPEC REPOS:
  trunk:
    - Alamofire
    - HorizonCalendar
    - IQKeyboardManagerSwift
    - Kingfisher
    - Moya
    - Realm
    - RealmSwift
    - SnapKit
    - TagListView

SPEC CHECKSUMS:
  Alamofire: 4e95d97098eacb88856099c4fc79b526a299e48c
  HorizonCalendar: 90d7281cf1cd0cb3fae1d3e53f6f7fd24fda5a0e
  IQKeyboardManagerSwift: c7955c0bdbf7b2eb29bb7daaa44e3d90f55a9a85
  Kingfisher: 0086ad83719761ba9b2cdaf6ef4d5b4878cbae23
  Moya: 138f0573e53411fb3dc17016add0b748dfbd78ee
  Realm: 5902885dd1d5e71b0b020830caab937ecdf5bf07
  RealmSwift: 0fc037d6c32c7c4fc9362892380f380114ecdcf0
  SnapKit: 97b92857e3df3a0c71833cce143274bf6ef8e5eb
  TagListView: a1c236d17960a0cf64156725a76ce6d73ebce2be

PODFILE CHECKSUM: 50d60a210ce417ddbd0a10e7b3d9d9b2ad7a66ce

COCOAPODS: 1.12.0
