PODS:
  - Kingfisher (7.3.2)
  - SnapKit (5.0.1)

DEPENDENCIES:
  - Kingfisher
  - SnapKit (~> 5.0.0)

SPEC REPOS:
  trunk:
    - Kingfisher
    - SnapKit

SPEC CHECKSUMS:
  Kingfisher: 0086ad83719761ba9b2cdaf6ef4d5b4878cbae23
  SnapKit: 97b92857e3df3a0c71833cce143274bf6ef8e5eb

PODFILE CHECKSUM: 604c9aca7d61faa3eadb995f0ad4145ab128905e

COCOAPODS: 1.12.0
